{
  "lockfileVersion": 1,
  "configVersion": 1,
  "workspaces": {
    "": {
      "name": "japanese-dict",
      "dependencies": {
        "@scalar/hono-api-reference": "^0.9.44",
        "hono": "^4.6.0",
        "wanakana": "^5.3.1",
      },
      "devDependencies": {
        "@types/bun": "latest",
      },
    },
  },
  "packages": {
    "@scalar/core": ["@scalar/core@0.3.41", "", { "dependencies": { "@scalar/types": "0.6.6" } }, "sha512-IPgiHOSGBDfBcJELbev0lo+ZHc8Q/vA82neX0Ax1iHNGtf/munH+qN5I+p9rGRS60IRQAwABlUo31Y3Gw1c0EA=="],

    "@scalar/helpers": ["@scalar/helpers@0.2.15", "", {}, "sha512-hMHXejGFVOS4HwCo7C2qddChuvMJs3sEOALo7gNOvwLS4dGLrW8flbSglDki4ttyremlKQstP5WJuPxmHQU3sA=="],

    "@scalar/hono-api-reference": ["@scalar/hono-api-reference@0.9.44", "", { "dependencies": { "@scalar/core": "0.3.41" }, "peerDependencies": { "hono": "^4.11.5" } }, "sha512-NusQ3S/LYKmEMOwc5kbKi6Can1b0iHTL/145CxfT5klEXtazhzdiXtYNiPNS99vGYKjub7+oaFR/HXJz4y/w2w=="],

    "@scalar/types": ["@scalar/types@0.6.6", "", { "dependencies": { "@scalar/helpers": "0.2.15", "nanoid": "^5.1.6", "type-fest": "^5.3.1", "zod": "^4.3.5" } }, "sha512-nr3m23p5MnGy4Wb4JFT7aA+jzvYSs/AS40NUEoQMBE1IwtuvG5gtLL0uu6kWpDq4UAfrWGntlAQNX7G8X9D4sg=="],

    "@types/bun": ["@types/bun@1.3.6", "", { "dependencies": { "bun-types": "1.3.6" } }, "sha512-uWCv6FO/8LcpREhenN1d1b6fcspAB+cefwD7uti8C8VffIv0Um08TKMn98FynpTiU38+y2dUO55T11NgDt8VAA=="],

    "@types/node": ["@types/node@25.0.10", "", { "dependencies": { "undici-types": "~7.16.0" } }, "sha512-zWW5KPngR/yvakJgGOmZ5vTBemDoSqF3AcV/LrO5u5wTWyEAVVh+IT39G4gtyAkh3CtTZs8aX/yRM82OfzHJRg=="],

    "bun-types": ["bun-types@1.3.6", "", { "dependencies": { "@types/node": "*" } }, "sha512-OlFwHcnNV99r//9v5IIOgQ9Uk37gZqrNMCcqEaExdkVq3Avwqok1bJFmvGMCkCE0FqzdY8VMOZpfpR3lwI+CsQ=="],

    "hono": ["hono@4.11.5", "", {}, "sha512-WemPi9/WfyMwZs+ZUXdiwcCh9Y+m7L+8vki9MzDw3jJ+W9Lc+12HGsd368Qc1vZi1xwW8BWMMsnK5efYKPdt4g=="],

    "nanoid": ["nanoid@5.1.6", "", { "bin": { "nanoid": "bin/nanoid.js" } }, "sha512-c7+7RQ+dMB5dPwwCp4ee1/iV/q2P6aK1mTZcfr1BTuVlyW9hJYiMPybJCcnBlQtuSmTIWNeazm/zqNoZSSElBg=="],

    "tagged-tag": ["tagged-tag@1.0.0", "", {}, "sha512-yEFYrVhod+hdNyx7g5Bnkkb0G6si8HJurOoOEgC8B/O0uXLHlaey/65KRv6cuWBNhBgHKAROVpc7QyYqE5gFng=="],

    "type-fest": ["type-fest@5.4.4", "", { "dependencies": { "tagged-tag": "^1.0.0" } }, "sha512-JnTrzGu+zPV3aXIUhnyWJj4z/wigMsdYajGLIYakqyOW1nPllzXEJee0QQbHj+CTIQtXGlAjuK0UY+2xTyjVAw=="],

    "undici-types": ["undici-types@7.16.0", "", {}, "sha512-Zz+aZWSj8LE6zoxD+xrjh4VfkIG8Ya6LvYkZqtUQGJPZjYl53ypCaUwWqo7eI0x66KBGeRo+mlBEkMSeSZ38Nw=="],

    "wanakana": ["wanakana@5.3.1", "", {}, "sha512-OSDqupzTlzl2LGyqTdhcXcl6ezMiFhcUwLBP8YKaBIbMYW1wAwDvupw2T9G9oVaKT9RmaSpyTXjxddFPUcFFIw=="],

    "zod": ["zod@4.3.6", "", {}, "sha512-rftlrkhHZOcjDwkGlnUtZZkvaPHCsDATp4pGpuOOMDaTdDDXF91wuVDJoWoPsKX/3YPQ5fHuF3STjcYyKr+Qhg=="],
  }
}
